
Microsoft Visual Studio Solution File, Format Version 12.00
# Visual Studio Version 17
VisualStudioVersion = 17.0.31903.59
MinimumVisualStudioVersion = 10.0.40219.1
Project("{2150E333-8FDC-42A3-9474-1A3956D46DE8}") = "src", "src", "{827E0CD3-B72D-47B6-A68D-7590B98EB39B}"
EndProject
Project("{FAE04EC0-301F-11D3-BF4B-00C04F79EFBC}") = "MCRSolicitors.Web", "src\MCRSolicitors.Web\MCRSolicitors.Web.csproj", "{0260E0E0-3281-4D3B-87B3-E0C3219A2767}"
EndProject
Project("{FAE04EC0-301F-11D3-BF4B-00C04F79EFBC}") = "MCRSolicitors.Theme", "src\MCRSolicitors.Theme\MCRSolicitors.Theme.csproj", "{E4FA476B-917D-4E2E-A8E6-7FF89C332502}"
EndProject
Project("{FAE04EC0-301F-11D3-BF4B-00C04F79EFBC}") = "Starter.Theme", "src\Starter.Theme\Starter.Theme.csproj", "{A1B2C3D4-E5F6-4A5B-8C9D-0E1F2A3B4C5D}"
EndProject
Project("{FAE04EC0-301F-11D3-BF4B-00C04F79EFBC}") = "MCR.Theme", "src\MCR.Theme\MCR.Theme.csproj", "{87F0FA5D-EAAA-4334-8C46-280FB0163D8E}"
EndProject
Global
	GlobalSection(SolutionConfigurationPlatforms) = preSolution
		Debug|Any CPU = Debug|Any CPU
		Debug|x64 = Debug|x64
		Debug|x86 = Debug|x86
		Release|Any CPU = Release|Any CPU
		Release|x64 = Release|x64
		Release|x86 = Release|x86
	EndGlobalSection
	GlobalSection(ProjectConfigurationPlatforms) = postSolution
		{0260E0E0-3281-4D3B-87B3-E0C3219A2767}.Debug|Any CPU.ActiveCfg = Debug|Any CPU
		{0260E0E0-3281-4D3B-87B3-E0C3219A2767}.Debug|Any CPU.Build.0 = Debug|Any CPU
		{0260E0E0-3281-4D3B-87B3-E0C3219A2767}.Debug|x64.ActiveCfg = Debug|Any CPU
		{0260E0E0-3281-4D3B-87B3-E0C3219A2767}.Debug|x64.Build.0 = Debug|Any CPU
		{0260E0E0-3281-4D3B-87B3-E0C3219A2767}.Debug|x86.ActiveCfg = Debug|Any CPU
		{0260E0E0-3281-4D3B-87B3-E0C3219A2767}.Debug|x86.Build.0 = Debug|Any CPU
		{0260E0E0-3281-4D3B-87B3-E0C3219A2767}.Release|Any CPU.ActiveCfg = Release|Any CPU
		{0260E0E0-3281-4D3B-87B3-E0C3219A2767}.Release|Any CPU.Build.0 = Release|Any CPU
		{0260E0E0-3281-4D3B-87B3-E0C3219A2767}.Release|x64.ActiveCfg = Release|Any CPU
		{0260E0E0-3281-4D3B-87B3-E0C3219A2767}.Release|x64.Build.0 = Release|Any CPU
		{0260E0E0-3281-4D3B-87B3-E0C3219A2767}.Release|x86.ActiveCfg = Release|Any CPU
		{0260E0E0-3281-4D3B-87B3-E0C3219A2767}.Release|x86.Build.0 = Release|Any CPU
		{E4FA476B-917D-4E2E-A8E6-7FF89C332502}.Debug|Any CPU.ActiveCfg = Debug|Any CPU
		{E4FA476B-917D-4E2E-A8E6-7FF89C332502}.Debug|Any CPU.Build.0 = Debug|Any CPU
		{E4FA476B-917D-4E2E-A8E6-7FF89C332502}.Debug|x64.ActiveCfg = Debug|Any CPU
		{E4FA476B-917D-4E2E-A8E6-7FF89C332502}.Debug|x64.Build.0 = Debug|Any CPU
		{E4FA476B-917D-4E2E-A8E6-7FF89C332502}.Debug|x86.ActiveCfg = Debug|Any CPU
		{E4FA476B-917D-4E2E-A8E6-7FF89C332502}.Debug|x86.Build.0 = Debug|Any CPU
		{E4FA476B-917D-4E2E-A8E6-7FF89C332502}.Release|Any CPU.ActiveCfg = Release|Any CPU
		{E4FA476B-917D-4E2E-A8E6-7FF89C332502}.Release|Any CPU.Build.0 = Release|Any CPU
		{E4FA476B-917D-4E2E-A8E6-7FF89C332502}.Release|x64.ActiveCfg = Release|Any CPU
		{E4FA476B-917D-4E2E-A8E6-7FF89C332502}.Release|x64.Build.0 = Release|Any CPU
		{E4FA476B-917D-4E2E-A8E6-7FF89C332502}.Release|x86.ActiveCfg = Release|Any CPU
		{E4FA476B-917D-4E2E-A8E6-7FF89C332502}.Release|x86.Build.0 = Release|Any CPU
		{A1B2C3D4-E5F6-4A5B-8C9D-0E1F2A3B4C5D}.Debug|Any CPU.ActiveCfg = Debug|Any CPU
		{A1B2C3D4-E5F6-4A5B-8C9D-0E1F2A3B4C5D}.Debug|Any CPU.Build.0 = Debug|Any CPU
		{A1B2C3D4-E5F6-4A5B-8C9D-0E1F2A3B4C5D}.Debug|x64.ActiveCfg = Debug|Any CPU
		{A1B2C3D4-E5F6-4A5B-8C9D-0E1F2A3B4C5D}.Debug|x64.Build.0 = Debug|Any CPU
		{A1B2C3D4-E5F6-4A5B-8C9D-0E1F2A3B4C5D}.Debug|x86.ActiveCfg = Debug|Any CPU
		{A1B2C3D4-E5F6-4A5B-8C9D-0E1F2A3B4C5D}.Debug|x86.Build.0 = Debug|Any CPU
		{A1B2C3D4-E5F6-4A5B-8C9D-0E1F2A3B4C5D}.Release|Any CPU.ActiveCfg = Release|Any CPU
		{A1B2C3D4-E5F6-4A5B-8C9D-0E1F2A3B4C5D}.Release|Any CPU.Build.0 = Release|Any CPU
		{A1B2C3D4-E5F6-4A5B-8C9D-0E1F2A3B4C5D}.Release|x64.ActiveCfg = Release|Any CPU
		{A1B2C3D4-E5F6-4A5B-8C9D-0E1F2A3B4C5D}.Release|x64.Build.0 = Release|Any CPU
		{A1B2C3D4-E5F6-4A5B-8C9D-0E1F2A3B4C5D}.Release|x86.ActiveCfg = Release|Any CPU
		{A1B2C3D4-E5F6-4A5B-8C9D-0E1F2A3B4C5D}.Release|x86.Build.0 = Release|Any CPU
		{87F0FA5D-EAAA-4334-8C46-280FB0163D8E}.Debug|Any CPU.ActiveCfg = Debug|Any CPU
		{87F0FA5D-EAAA-4334-8C46-280FB0163D8E}.Debug|Any CPU.Build.0 = Debug|Any CPU
		{87F0FA5D-EAAA-4334-8C46-280FB0163D8E}.Debug|x64.ActiveCfg = Debug|Any CPU
		{87F0FA5D-EAAA-4334-8C46-280FB0163D8E}.Debug|x64.Build.0 = Debug|Any CPU
		{87F0FA5D-EAAA-4334-8C46-280FB0163D8E}.Debug|x86.ActiveCfg = Debug|Any CPU
		{87F0FA5D-EAAA-4334-8C46-280FB0163D8E}.Debug|x86.Build.0 = Debug|Any CPU
		{87F0FA5D-EAAA-4334-8C46-280FB0163D8E}.Release|Any CPU.ActiveCfg = Release|Any CPU
		{87F0FA5D-EAAA-4334-8C46-280FB0163D8E}.Release|Any CPU.Build.0 = Release|Any CPU
		{87F0FA5D-EAAA-4334-8C46-280FB0163D8E}.Release|x64.ActiveCfg = Release|Any CPU
		{87F0FA5D-EAAA-4334-8C46-280FB0163D8E}.Release|x64.Build.0 = Release|Any CPU
		{87F0FA5D-EAAA-4334-8C46-280FB0163D8E}.Release|x86.ActiveCfg = Release|Any CPU
		{87F0FA5D-EAAA-4334-8C46-280FB0163D8E}.Release|x86.Build.0 = Release|Any CPU
	EndGlobalSection
	GlobalSection(SolutionProperties) = preSolution
		HideSolutionNode = FALSE
	EndGlobalSection
	GlobalSection(NestedProjects) = preSolution
		{0260E0E0-3281-4D3B-87B3-E0C3219A2767} = {827E0CD3-B72D-47B6-A68D-7590B98EB39B}
		{E4FA476B-917D-4E2E-A8E6-7FF89C332502} = {827E0CD3-B72D-47B6-A68D-7590B98EB39B}
		{A1B2C3D4-E5F6-4A5B-8C9D-0E1F2A3B4C5D} = {827E0CD3-B72D-47B6-A68D-7590B98EB39B}
		{87F0FA5D-EAAA-4334-8C46-280FB0163D8E} = {827E0CD3-B72D-47B6-A68D-7590B98EB39B}
	EndGlobalSection
EndGlobal
